{
    "_readme": [
        "This file locks the dependencies of your project to a known state",
        "Read more about it at https://getcomposer.org/doc/01-basic-usage.md#composer-lock-the-lock-file",
        "This file is @generated automatically"
    ],
    "content-hash": "e0bd77e06241bf23d622f457f695e352",
    "packages": [
        {
            "name": "safaricom/mpesa",
            "version": "1.0.3",
            "source": {
                "type": "git",
                "url": "https://github.com/safaricom/mpesa-php-sdk.git",
                "reference": "a26dbdc2bab045b77fbb1211858948d8d573d520"
            },
            "dist": {
                "type": "zip",
                "url": "https://api.github.com/repos/safaricom/mpesa-php-sdk/zipball/a26dbdc2bab045b77fbb1211858948d8d573d520",
                "reference": "a26dbdc2bab045b77fbb1211858948d8d573d520",
                "shasum": ""
            },
            "require": {
                "php": ">=5.3.0"
            },
            "type": "package",
            "autoload": {
                "psr-4": {
                    "safaricom\\Mpesa\\": "src/"
                }
            },
            "notification-url": "https://packagist.org/downloads/",
            "license": [
                "mit"
            ],
            "authors": [
                {
                    "email": "nandwa.moses@gmail.com"
                }
            ],
            "description": "A PHP package for Mpesa API",
            "time": "2017-11-02T16:08:24+00:00"
        }
    ],
    "packages-dev": [],
    "aliases": [],
    "minimum-stability": "stable",
    "stability-flags": [],
    "prefer-stable": false,
    "prefer-lowest": false,
    "platform": [],
    "platform-dev": []
}
